
Microsoft Visual Studio Solution File, Format Version 12.00
# Visual Studio Version 17
VisualStudioVersion = 17.9.34616.47
MinimumVisualStudioVersion = 10.0.40219.1
Project("{FAE04EC0-301F-11D3-BF4B-00C04F79EFBC}") = "pz2", "pz2\pz2.csproj", "{3791D5E7-52CF-4F1B-9061-CBC2EA6687AC}"
EndProject
Global
	GlobalSection(SolutionConfigurationPlatforms) = preSolution
		Debug|Any CPU = Debug|Any CPU
		Release|Any CPU = Release|Any CPU
	EndGlobalSection
	GlobalSection(ProjectConfigurationPlatforms) = postSolution
		{3791D5E7-52CF-4F1B-9061-CBC2EA6687AC}.Debug|Any CPU.ActiveCfg = Debug|Any CPU
		{3791D5E7-52CF-4F1B-9061-CBC2EA6687AC}.Debug|Any CPU.Build.0 = Debug|Any CPU
		{3791D5E7-52CF-4F1B-9061-CBC2EA6687AC}.Release|Any CPU.ActiveCfg = Release|Any CPU
		{3791D5E7-52CF-4F1B-9061-CBC2EA6687AC}.Release|Any CPU.Build.0 = Release|Any CPU
	EndGlobalSection
	GlobalSection(SolutionProperties) = preSolution
		HideSolutionNode = FALSE
	EndGlobalSection
	GlobalSection(ExtensibilityGlobals) = postSolution
		SolutionGuid = {B8D3304C-77EC-4844-AFCE-55B707147D28}
	EndGlobalSection
EndGlobal
